
Microsoft Visual Studio Solution File, Format Version 12.00
# Visual Studio Version 16
VisualStudioVersion = 16.0.31313.79
MinimumVisualStudioVersion = 10.0.40219.1
Project("{FAE04EC0-301F-11D3-BF4B-00C04F79EFBC}") = "lesson1", "lesson1\lesson1.csproj", "{FD31D7FF-A821-47CB-A85C-C85F4F6F25E2}"
EndProject
Project("{FAE04EC0-301F-11D3-BF4B-00C04F79EFBC}") = "lesson2Task1", "lesson2Task1\lesson2Task1.csproj", "{D50ABB95-110C-42CC-8393-F77FF09E90E9}"
EndProject
Project("{FAE04EC0-301F-11D3-BF4B-00C04F79EFBC}") = "lesson2Task2", "lesson2Task2\lesson2Task2.csproj", "{5EEAB5E8-6B9C-447D-8A36-986F62232EF4}"
EndProject
Project("{FAE04EC0-301F-11D3-BF4B-00C04F79EFBC}") = "lesson2Task3", "lesson2Task3\lesson2Task3.csproj", "{3BA5FABF-428A-4EB9-9175-99CAC6731FB3}"
EndProject
Project("{FAE04EC0-301F-11D3-BF4B-00C04F79EFBC}") = "lesson2Task4", "lesson2Task4\lesson2Task4.csproj", "{2045C84C-C75A-4AA7-978E-F7391758175F}"
EndProject
Project("{FAE04EC0-301F-11D3-BF4B-00C04F79EFBC}") = "lesson2Task5", "lesson2Task5\lesson2Task5.csproj", "{71605460-26AA-4ADF-9F4B-ACF6AB41FC06}"
EndProject
Project("{FAE04EC0-301F-11D3-BF4B-00C04F79EFBC}") = "lesson2Task6", "lesson2Task6\lesson2Task6.csproj", "{77615AE9-6E77-443D-8E81-23A22069001A}"
EndProject
Project("{9A19103F-16F7-4668-BE54-9A1E7A4F7556}") = "lesson3Task1", "lesson3Task1\lesson3Task1.csproj", "{74EB2A1E-250C-41CB-92AF-28FC65428DC4}"
EndProject
Project("{9A19103F-16F7-4668-BE54-9A1E7A4F7556}") = "lesson3Task2", "lesson3Task2\lesson3Task2.csproj", "{93BE0EE0-C401-4511-BB5E-EAB706837979}"
EndProject
Project("{9A19103F-16F7-4668-BE54-9A1E7A4F7556}") = "lesson3Task3", "lesson3Task3\lesson3Task3.csproj", "{B21A4B24-CF74-4703-8EF3-54FAAEC9FE68}"
EndProject
Project("{9A19103F-16F7-4668-BE54-9A1E7A4F7556}") = "lesson3Task4", "lesson3Task4\lesson3Task4.csproj", "{DB72519F-523B-4F6B-BDB1-9B6D9CFA8A35}"
EndProject
Project("{9A19103F-16F7-4668-BE54-9A1E7A4F7556}") = "lesson4Task1", "lesson4Task1\lesson4Task1.csproj", "{2D0979AA-B14A-4174-952F-BAD76DA3DC8E}"
EndProject
Project("{9A19103F-16F7-4668-BE54-9A1E7A4F7556}") = "lesson4Task2", "lesson4Task2\lesson4Task2.csproj", "{90970798-E7E3-428D-AF9D-39EC28DE84A1}"
EndProject
Project("{9A19103F-16F7-4668-BE54-9A1E7A4F7556}") = "lesson4Task3", "lesson4Task3\lesson4Task3.csproj", "{22A96361-5DD5-4751-8D5E-E8B947D5C062}"
EndProject
Project("{9A19103F-16F7-4668-BE54-9A1E7A4F7556}") = "lesson4Task4", "lesson4Task4\lesson4Task4.csproj", "{77C58AFB-F1D1-4BD7-98DA-6357648675AE}"
EndProject
Project("{9A19103F-16F7-4668-BE54-9A1E7A4F7556}") = "lesson5Task1", "lesson5Task1\lesson5Task1.csproj", "{11915975-1621-4772-AE5E-D85638C05A35}"
EndProject
Project("{9A19103F-16F7-4668-BE54-9A1E7A4F7556}") = "lesson5Task2", "lesson5Task2\lesson5Task2.csproj", "{7FF1E033-A83A-4787-A330-F603341A2C3E}"
EndProject
Project("{9A19103F-16F7-4668-BE54-9A1E7A4F7556}") = "lesson5Task3", "lesson5Task3\lesson5Task3.csproj", "{8A8BEF84-4214-4643-B654-0663F778A02E}"
EndProject
Project("{9A19103F-16F7-4668-BE54-9A1E7A4F7556}") = "lesson5Task4", "lesson5Task4\lesson5Task4.csproj", "{9B3CEACE-461F-4E7E-A4C9-1730CD469887}"
EndProject
Project("{9A19103F-16F7-4668-BE54-9A1E7A4F7556}") = "lesson5Task5", "lesson5Task5\lesson5Task5.csproj", "{71F38EA7-0CE4-4827-948F-40294C327817}"
EndProject
Project("{9A19103F-16F7-4668-BE54-9A1E7A4F7556}") = "lesson6Task1", "lesson6Task1\lesson6Task1.csproj", "{41AE03B8-242E-48DC-80B9-8F4DEC63143C}"
EndProject
Project("{FAE04EC0-301F-11D3-BF4B-00C04F79EFBC}") = "lesson8Task1", "lesson8Task1\lesson8Task1.csproj", "{88ED4076-6DED-470E-B30B-370BA608CCD3}"
EndProject
Global
	GlobalSection(SolutionConfigurationPlatforms) = preSolution
		Debug|Any CPU = Debug|Any CPU
		Release|Any CPU = Release|Any CPU
	EndGlobalSection
	GlobalSection(ProjectConfigurationPlatforms) = postSolution
		{FD31D7FF-A821-47CB-A85C-C85F4F6F25E2}.Debug|Any CPU.ActiveCfg = Debug|Any CPU
		{FD31D7FF-A821-47CB-A85C-C85F4F6F25E2}.Debug|Any CPU.Build.0 = Debug|Any CPU
		{FD31D7FF-A821-47CB-A85C-C85F4F6F25E2}.Release|Any CPU.ActiveCfg = Release|Any CPU
		{FD31D7FF-A821-47CB-A85C-C85F4F6F25E2}.Release|Any CPU.Build.0 = Release|Any CPU
		{D50ABB95-110C-42CC-8393-F77FF09E90E9}.Debug|Any CPU.ActiveCfg = Debug|Any CPU
		{D50ABB95-110C-42CC-8393-F77FF09E90E9}.Debug|Any CPU.Build.0 = Debug|Any CPU
		{D50ABB95-110C-42CC-8393-F77FF09E90E9}.Release|Any CPU.ActiveCfg = Release|Any CPU
		{D50ABB95-110C-42CC-8393-F77FF09E90E9}.Release|Any CPU.Build.0 = Release|Any CPU
		{5EEAB5E8-6B9C-447D-8A36-986F62232EF4}.Debug|Any CPU.ActiveCfg = Debug|Any CPU
		{5EEAB5E8-6B9C-447D-8A36-986F62232EF4}.Debug|Any CPU.Build.0 = Debug|Any CPU
		{5EEAB5E8-6B9C-447D-8A36-986F62232EF4}.Release|Any CPU.ActiveCfg = Release|Any CPU
		{5EEAB5E8-6B9C-447D-8A36-986F62232EF4}.Release|Any CPU.Build.0 = Release|Any CPU
		{3BA5FABF-428A-4EB9-9175-99CAC6731FB3}.Debug|Any CPU.ActiveCfg = Debug|Any CPU
		{3BA5FABF-428A-4EB9-9175-99CAC6731FB3}.Debug|Any CPU.Build.0 = Debug|Any CPU
		{3BA5FABF-428A-4EB9-9175-99CAC6731FB3}.Release|Any CPU.ActiveCfg = Release|Any CPU
		{3BA5FABF-428A-4EB9-9175-99CAC6731FB3}.Release|Any CPU.Build.0 = Release|Any CPU
		{2045C84C-C75A-4AA7-978E-F7391758175F}.Debug|Any CPU.ActiveCfg = Debug|Any CPU
		{2045C84C-C75A-4AA7-978E-F7391758175F}.Debug|Any CPU.Build.0 = Debug|Any CPU
		{2045C84C-C75A-4AA7-978E-F7391758175F}.Release|Any CPU.ActiveCfg = Release|Any CPU
		{2045C84C-C75A-4AA7-978E-F7391758175F}.Release|Any CPU.Build.0 = Release|Any CPU
		{71605460-26AA-4ADF-9F4B-ACF6AB41FC06}.Debug|Any CPU.ActiveCfg = Debug|Any CPU
		{71605460-26AA-4ADF-9F4B-ACF6AB41FC06}.Debug|Any CPU.Build.0 = Debug|Any CPU
		{71605460-26AA-4ADF-9F4B-ACF6AB41FC06}.Release|Any CPU.ActiveCfg = Release|Any CPU
		{71605460-26AA-4ADF-9F4B-ACF6AB41FC06}.Release|Any CPU.Build.0 = Release|Any CPU
		{77615AE9-6E77-443D-8E81-23A22069001A}.Debug|Any CPU.ActiveCfg = Debug|Any CPU
		{77615AE9-6E77-443D-8E81-23A22069001A}.Debug|Any CPU.Build.0 = Debug|Any CPU
		{77615AE9-6E77-443D-8E81-23A22069001A}.Release|Any CPU.ActiveCfg = Release|Any CPU
		{77615AE9-6E77-443D-8E81-23A22069001A}.Release|Any CPU.Build.0 = Release|Any CPU
		{74EB2A1E-250C-41CB-92AF-28FC65428DC4}.Debug|Any CPU.ActiveCfg = Debug|Any CPU
		{74EB2A1E-250C-41CB-92AF-28FC65428DC4}.Debug|Any CPU.Build.0 = Debug|Any CPU
		{74EB2A1E-250C-41CB-92AF-28FC65428DC4}.Release|Any CPU.ActiveCfg = Release|Any CPU
		{74EB2A1E-250C-41CB-92AF-28FC65428DC4}.Release|Any CPU.Build.0 = Release|Any CPU
		{93BE0EE0-C401-4511-BB5E-EAB706837979}.Debug|Any CPU.ActiveCfg = Debug|Any CPU
		{93BE0EE0-C401-4511-BB5E-EAB706837979}.Debug|Any CPU.Build.0 = Debug|Any CPU
		{93BE0EE0-C401-4511-BB5E-EAB706837979}.Release|Any CPU.ActiveCfg = Release|Any CPU
		{93BE0EE0-C401-4511-BB5E-EAB706837979}.Release|Any CPU.Build.0 = Release|Any CPU
		{B21A4B24-CF74-4703-8EF3-54FAAEC9FE68}.Debug|Any CPU.ActiveCfg = Debug|Any CPU
		{B21A4B24-CF74-4703-8EF3-54FAAEC9FE68}.Debug|Any CPU.Build.0 = Debug|Any CPU
		{B21A4B24-CF74-4703-8EF3-54FAAEC9FE68}.Release|Any CPU.ActiveCfg = Release|Any CPU
		{B21A4B24-CF74-4703-8EF3-54FAAEC9FE68}.Release|Any CPU.Build.0 = Release|Any CPU
		{DB72519F-523B-4F6B-BDB1-9B6D9CFA8A35}.Debug|Any CPU.ActiveCfg = Debug|Any CPU
		{DB72519F-523B-4F6B-BDB1-9B6D9CFA8A35}.Debug|Any CPU.Build.0 = Debug|Any CPU
		{DB72519F-523B-4F6B-BDB1-9B6D9CFA8A35}.Release|Any CPU.ActiveCfg = Release|Any CPU
		{DB72519F-523B-4F6B-BDB1-9B6D9CFA8A35}.Release|Any CPU.Build.0 = Release|Any CPU
		{2D0979AA-B14A-4174-952F-BAD76DA3DC8E}.Debug|Any CPU.ActiveCfg = Debug|Any CPU
		{2D0979AA-B14A-4174-952F-BAD76DA3DC8E}.Debug|Any CPU.Build.0 = Debug|Any CPU
		{2D0979AA-B14A-4174-952F-BAD76DA3DC8E}.Release|Any CPU.ActiveCfg = Release|Any CPU
		{2D0979AA-B14A-4174-952F-BAD76DA3DC8E}.Release|Any CPU.Build.0 = Release|Any CPU
		{90970798-E7E3-428D-AF9D-39EC28DE84A1}.Debug|Any CPU.ActiveCfg = Debug|Any CPU
		{90970798-E7E3-428D-AF9D-39EC28DE84A1}.Debug|Any CPU.Build.0 = Debug|Any CPU
		{90970798-E7E3-428D-AF9D-39EC28DE84A1}.Release|Any CPU.ActiveCfg = Release|Any CPU
		{90970798-E7E3-428D-AF9D-39EC28DE84A1}.Release|Any CPU.Build.0 = Release|Any CPU
		{22A96361-5DD5-4751-8D5E-E8B947D5C062}.Debug|Any CPU.ActiveCfg = Debug|Any CPU
		{22A96361-5DD5-4751-8D5E-E8B947D5C062}.Debug|Any CPU.Build.0 = Debug|Any CPU
		{22A96361-5DD5-4751-8D5E-E8B947D5C062}.Release|Any CPU.ActiveCfg = Release|Any CPU
		{22A96361-5DD5-4751-8D5E-E8B947D5C062}.Release|Any CPU.Build.0 = Release|Any CPU
		{77C58AFB-F1D1-4BD7-98DA-6357648675AE}.Debug|Any CPU.ActiveCfg = Debug|Any CPU
		{77C58AFB-F1D1-4BD7-98DA-6357648675AE}.Debug|Any CPU.Build.0 = Debug|Any CPU
		{77C58AFB-F1D1-4BD7-98DA-6357648675AE}.Release|Any CPU.ActiveCfg = Release|Any CPU
		{77C58AFB-F1D1-4BD7-98DA-6357648675AE}.Release|Any CPU.Build.0 = Release|Any CPU
		{11915975-1621-4772-AE5E-D85638C05A35}.Debug|Any CPU.ActiveCfg = Debug|Any CPU
		{11915975-1621-4772-AE5E-D85638C05A35}.Debug|Any CPU.Build.0 = Debug|Any CPU
		{11915975-1621-4772-AE5E-D85638C05A35}.Release|Any CPU.ActiveCfg = Release|Any CPU
		{11915975-1621-4772-AE5E-D85638C05A35}.Release|Any CPU.Build.0 = Release|Any CPU
		{7FF1E033-A83A-4787-A330-F603341A2C3E}.Debug|Any CPU.ActiveCfg = Debug|Any CPU
		{7FF1E033-A83A-4787-A330-F603341A2C3E}.Debug|Any CPU.Build.0 = Debug|Any CPU
		{7FF1E033-A83A-4787-A330-F603341A2C3E}.Release|Any CPU.ActiveCfg = Release|Any CPU
		{7FF1E033-A83A-4787-A330-F603341A2C3E}.Release|Any CPU.Build.0 = Release|Any CPU
		{8A8BEF84-4214-4643-B654-0663F778A02E}.Debug|Any CPU.ActiveCfg = Debug|Any CPU
		{8A8BEF84-4214-4643-B654-0663F778A02E}.Debug|Any CPU.Build.0 = Debug|Any CPU
		{8A8BEF84-4214-4643-B654-0663F778A02E}.Release|Any CPU.ActiveCfg = Release|Any CPU
		{8A8BEF84-4214-4643-B654-0663F778A02E}.Release|Any CPU.Build.0 = Release|Any CPU
		{9B3CEACE-461F-4E7E-A4C9-1730CD469887}.Debug|Any CPU.ActiveCfg = Debug|Any CPU
		{9B3CEACE-461F-4E7E-A4C9-1730CD469887}.Debug|Any CPU.Build.0 = Debug|Any CPU
		{9B3CEACE-461F-4E7E-A4C9-1730CD469887}.Release|Any CPU.ActiveCfg = Release|Any CPU
		{9B3CEACE-461F-4E7E-A4C9-1730CD469887}.Release|Any CPU.Build.0 = Release|Any CPU
		{71F38EA7-0CE4-4827-948F-40294C327817}.Debug|Any CPU.ActiveCfg = Debug|Any CPU
		{71F38EA7-0CE4-4827-948F-40294C327817}.Debug|Any CPU.Build.0 = Debug|Any CPU
		{71F38EA7-0CE4-4827-948F-40294C327817}.Release|Any CPU.ActiveCfg = Release|Any CPU
		{71F38EA7-0CE4-4827-948F-40294C327817}.Release|Any CPU.Build.0 = Release|Any CPU
		{41AE03B8-242E-48DC-80B9-8F4DEC63143C}.Debug|Any CPU.ActiveCfg = Debug|Any CPU
		{41AE03B8-242E-48DC-80B9-8F4DEC63143C}.Debug|Any CPU.Build.0 = Debug|Any CPU
		{41AE03B8-242E-48DC-80B9-8F4DEC63143C}.Release|Any CPU.ActiveCfg = Release|Any CPU
		{41AE03B8-242E-48DC-80B9-8F4DEC63143C}.Release|Any CPU.Build.0 = Release|Any CPU
		{88ED4076-6DED-470E-B30B-370BA608CCD3}.Debug|Any CPU.ActiveCfg = Debug|Any CPU
		{88ED4076-6DED-470E-B30B-370BA608CCD3}.Debug|Any CPU.Build.0 = Debug|Any CPU
		{88ED4076-6DED-470E-B30B-370BA608CCD3}.Release|Any CPU.ActiveCfg = Release|Any CPU
		{88ED4076-6DED-470E-B30B-370BA608CCD3}.Release|Any CPU.Build.0 = Release|Any CPU
	EndGlobalSection
	GlobalSection(SolutionProperties) = preSolution
		HideSolutionNode = FALSE
	EndGlobalSection
	GlobalSection(ExtensibilityGlobals) = postSolution
		SolutionGuid = {D521F471-C455-49C6-9D34-8004AF8B40C8}
	EndGlobalSection
EndGlobal
